// !$*UTF8*$!
{
	archiveVersion = 1;
	classes = {
	};
	objectVersion = 46;
	objects = {

/* Begin PBXBuildFile section */
		2B4D8A1114E969900059CD3B /* Feed.m in Sources */ = {isa = PBXBuildFile; fileRef = 2B4D8A0F14E969900059CD3B /* Feed.m */; };
		2B4D8A1714E96B930059CD3B /* OAuthRequestController.m in Sources */ = {isa = PBXBuildFile; fileRef = 2B4D8A1514E96B930059CD3B /* OAuthRequestController.m */; };
		2B4D8A1814E96B930059CD3B /* OAuthRequestController.xib in Resources */ = {isa = PBXBuildFile; fileRef = 2B4D8A1614E96B930059CD3B /* OAuthRequestController.xib */; };
		2B4D8A3114E96BDE0059CD3B /* SBJsonParser.m in Sources */ = {isa = PBXBuildFile; fileRef = 2B4D8A1C14E96BDE0059CD3B /* SBJsonParser.m */; };
		2B4D8A3214E96BDE0059CD3B /* SBJsonStreamParser.m in Sources */ = {isa = PBXBuildFile; fileRef = 2B4D8A1E14E96BDE0059CD3B /* SBJsonStreamParser.m */; };
		2B4D8A3314E96BDE0059CD3B /* SBJsonStreamParserAccumulator.m in Sources */ = {isa = PBXBuildFile; fileRef = 2B4D8A2014E96BDE0059CD3B /* SBJsonStreamParserAccumulator.m */; };
		2B4D8A3414E96BDE0059CD3B /* SBJsonStreamParserAdapter.m in Sources */ = {isa = PBXBuildFile; fileRef = 2B4D8A2214E96BDE0059CD3B /* SBJsonStreamParserAdapter.m */; };
		2B4D8A3514E96BDE0059CD3B /* SBJsonStreamParserState.m in Sources */ = {isa = PBXBuildFile; fileRef = 2B4D8A2414E96BDE0059CD3B /* SBJsonStreamParserState.m */; };
		2B4D8A3614E96BDE0059CD3B /* SBJsonStreamWriter.m in Sources */ = {isa = PBXBuildFile; fileRef = 2B4D8A2614E96BDE0059CD3B /* SBJsonStreamWriter.m */; };
		2B4D8A3714E96BDE0059CD3B /* SBJsonStreamWriterAccumulator.m in Sources */ = {isa = PBXBuildFile; fileRef = 2B4D8A2814E96BDE0059CD3B /* SBJsonStreamWriterAccumulator.m */; };
		2B4D8A3814E96BDE0059CD3B /* SBJsonStreamWriterState.m in Sources */ = {isa = PBXBuildFile; fileRef = 2B4D8A2A14E96BDE0059CD3B /* SBJsonStreamWriterState.m */; };
		2B4D8A3914E96BDE0059CD3B /* SBJsonTokeniser.m in Sources */ = {isa = PBXBuildFile; fileRef = 2B4D8A2C14E96BDE0059CD3B /* SBJsonTokeniser.m */; };
		2B4D8A3A14E96BDE0059CD3B /* SBJsonUTF8Stream.m in Sources */ = {isa = PBXBuildFile; fileRef = 2B4D8A2E14E96BDE0059CD3B /* SBJsonUTF8Stream.m */; };
		2B4D8A3B14E96BDE0059CD3B /* SBJsonWriter.m in Sources */ = {isa = PBXBuildFile; fileRef = 2B4D8A3014E96BDE0059CD3B /* SBJsonWriter.m */; };
		2B4D8A3E14E96BF70059CD3B /* NSObject+SBJson.m in Sources */ = {isa = PBXBuildFile; fileRef = 2B4D8A3D14E96BF70059CD3B /* NSObject+SBJson.m */; };
		2BE7191214DC3F8B00B530FC /* UIKit.framework in Frameworks */ = {isa = PBXBuildFile; fileRef = 2BE7191114DC3F8B00B530FC /* UIKit.framework */; };
		2BE7191414DC3F8B00B530FC /* Foundation.framework in Frameworks */ = {isa = PBXBuildFile; fileRef = 2BE7191314DC3F8B00B530FC /* Foundation.framework */; };
		2BE7191614DC3F8B00B530FC /* CoreGraphics.framework in Frameworks */ = {isa = PBXBuildFile; fileRef = 2BE7191514DC3F8B00B530FC /* CoreGraphics.framework */; };
		2BE7191C14DC3F8B00B530FC /* InfoPlist.strings in Resources */ = {isa = PBXBuildFile; fileRef = 2BE7191A14DC3F8B00B530FC /* InfoPlist.strings */; };
		2BE7191E14DC3F8B00B530FC /* main.m in Sources */ = {isa = PBXBuildFile; fileRef = 2BE7191D14DC3F8B00B530FC /* main.m */; };
		2BE7192214DC3F8B00B530FC /* AppDelegate.m in Sources */ = {isa = PBXBuildFile; fileRef = 2BE7192114DC3F8B00B530FC /* AppDelegate.m */; };
		2BE7192514DC3F8B00B530FC /* SoundLevelViewController.m in Sources */ = {isa = PBXBuildFile; fileRef = 2BE7192414DC3F8B00B530FC /* SoundLevelViewController.m */; };
		2BE7193314DC3F8B00B530FC /* SoundLevelViewController.xib in Resources */ = {isa = PBXBuildFile; fileRef = 2BE7193114DC3F8B00B530FC /* SoundLevelViewController.xib */; };
		2BE7193E14DC404900B530FC /* SettingsViewController.m in Sources */ = {isa = PBXBuildFile; fileRef = 2BE7193D14DC404900B530FC /* SettingsViewController.m */; };
		2BE7194014DC406D00B530FC /* SettingsViewController.xib in Resources */ = {isa = PBXBuildFile; fileRef = 2BE7193F14DC406D00B530FC /* SettingsViewController.xib */; };
		2BE7194314DC41AB00B530FC /* 157-wrench.png in Resources */ = {isa = PBXBuildFile; fileRef = 2BE7194114DC41AB00B530FC /* 157-wrench.png */; };
		2BE7194414DC41AB00B530FC /* 157-wrench@2x.png in Resources */ = {isa = PBXBuildFile; fileRef = 2BE7194214DC41AB00B530FC /* 157-wrench@2x.png */; };
		2BE7194714DC426900B530FC /* 160-voicemail-2.png in Resources */ = {isa = PBXBuildFile; fileRef = 2BE7194514DC426900B530FC /* 160-voicemail-2.png */; };
		2BE7194814DC426900B530FC /* 160-voicemail-2@2x.png in Resources */ = {isa = PBXBuildFile; fileRef = 2BE7194614DC426900B530FC /* 160-voicemail-2@2x.png */; };
		2BE7194B14DC42FB00B530FC /* 66-microphone.png in Resources */ = {isa = PBXBuildFile; fileRef = 2BE7194914DC42FB00B530FC /* 66-microphone.png */; };
		2BE7194C14DC42FB00B530FC /* 66-microphone@2x.png in Resources */ = {isa = PBXBuildFile; fileRef = 2BE7194A14DC42FB00B530FC /* 66-microphone@2x.png */; };
		2BE7194F14DC43AB00B530FC /* AVFoundation.framework in Frameworks */ = {isa = PBXBuildFile; fileRef = 2BE7194D14DC43A200B530FC /* AVFoundation.framework */; };
/* End PBXBuildFile section */

/* Begin PBXFileReference section */
		2B4D8A0E14E969900059CD3B /* Feed.h */ = {isa = PBXFileReference; fileEncoding = 4; lastKnownFileType = sourcecode.c.h; path = Feed.h; sourceTree = "<group>"; };
		2B4D8A0F14E969900059CD3B /* Feed.m */ = {isa = PBXFileReference; fileEncoding = 4; lastKnownFileType = sourcecode.c.objc; path = Feed.m; sourceTree = "<group>"; };
		2B4D8A1014E969900059CD3B /* FeedDelegate.h */ = {isa = PBXFileReference; fileEncoding = 4; lastKnownFileType = sourcecode.c.h; path = FeedDelegate.h; sourceTree = "<group>"; };
		2B4D8A1414E96B930059CD3B /* OAuthRequestController.h */ = {isa = PBXFileReference; fileEncoding = 4; lastKnownFileType = sourcecode.c.h; path = OAuthRequestController.h; sourceTree = "<group>"; };
		2B4D8A1514E96B930059CD3B /* OAuthRequestController.m */ = {isa = PBXFileReference; fileEncoding = 4; lastKnownFileType = sourcecode.c.objc; path = OAuthRequestController.m; sourceTree = "<group>"; };
		2B4D8A1614E96B930059CD3B /* OAuthRequestController.xib */ = {isa = PBXFileReference; fileEncoding = 4; lastKnownFileType = file.xib; path = OAuthRequestController.xib; sourceTree = "<group>"; };
		2B4D8A1A14E96BDE0059CD3B /* SBJson.h */ = {isa = PBXFileReference; fileEncoding = 4; lastKnownFileType = sourcecode.c.h; path = SBJson.h; sourceTree = "<group>"; };
		2B4D8A1B14E96BDE0059CD3B /* SBJsonParser.h */ = {isa = PBXFileReference; fileEncoding = 4; lastKnownFileType = sourcecode.c.h; path = SBJsonParser.h; sourceTree = "<group>"; };
		2B4D8A1C14E96BDE0059CD3B /* SBJsonParser.m */ = {isa = PBXFileReference; fileEncoding = 4; lastKnownFileType = sourcecode.c.objc; path = SBJsonParser.m; sourceTree = "<group>"; };
		2B4D8A1D14E96BDE0059CD3B /* SBJsonStreamParser.h */ = {isa = PBXFileReference; fileEncoding = 4; lastKnownFileType = sourcecode.c.h; path = SBJsonStreamParser.h; sourceTree = "<group>"; };
		2B4D8A1E14E96BDE0059CD3B /* SBJsonStreamParser.m */ = {isa = PBXFileReference; fileEncoding = 4; lastKnownFileType = sourcecode.c.objc; path = SBJsonStreamParser.m; sourceTree = "<group>"; };
		2B4D8A1F14E96BDE0059CD3B /* SBJsonStreamParserAccumulator.h */ = {isa = PBXFileReference; fileEncoding = 4; lastKnownFileType = sourcecode.c.h; path = SBJsonStreamParserAccumulator.h; sourceTree = "<group>"; };
		2B4D8A2014E96BDE0059CD3B /* SBJsonStreamParserAccumulator.m */ = {isa = PBXFileReference; fileEncoding = 4; lastKnownFileType = sourcecode.c.objc; path = SBJsonStreamParserAccumulator.m; sourceTree = "<group>"; };
		2B4D8A2114E96BDE0059CD3B /* SBJsonStreamParserAdapter.h */ = {isa = PBXFileReference; fileEncoding = 4; lastKnownFileType = sourcecode.c.h; path = SBJsonStreamParserAdapter.h; sourceTree = "<group>"; };
		2B4D8A2214E96BDE0059CD3B /* SBJsonStreamParserAdapter.m */ = {isa = PBXFileReference; fileEncoding = 4; lastKnownFileType = sourcecode.c.objc; path = SBJsonStreamParserAdapter.m; sourceTree = "<group>"; };
		2B4D8A2314E96BDE0059CD3B /* SBJsonStreamParserState.h */ = {isa = PBXFileReference; fileEncoding = 4; lastKnownFileType = sourcecode.c.h; path = SBJsonStreamParserState.h; sourceTree = "<group>"; };
		2B4D8A2414E96BDE0059CD3B /* SBJsonStreamParserState.m */ = {isa = PBXFileReference; fileEncoding = 4; lastKnownFileType = sourcecode.c.objc; path = SBJsonStreamParserState.m; sourceTree = "<group>"; };
		2B4D8A2514E96BDE0059CD3B /* SBJsonStreamWriter.h */ = {isa = PBXFileReference; fileEncoding = 4; lastKnownFileType = sourcecode.c.h; path = SBJsonStreamWriter.h; sourceTree = "<group>"; };
		2B4D8A2614E96BDE0059CD3B /* SBJsonStreamWriter.m */ = {isa = PBXFileReference; fileEncoding = 4; lastKnownFileType = sourcecode.c.objc; path = SBJsonStreamWriter.m; sourceTree = "<group>"; };
		2B4D8A2714E96BDE0059CD3B /* SBJsonStreamWriterAccumulator.h */ = {isa = PBXFileReference; fileEncoding = 4; lastKnownFileType = sourcecode.c.h; path = SBJsonStreamWriterAccumulator.h; sourceTree = "<group>"; };
		2B4D8A2814E96BDE0059CD3B /* SBJsonStreamWriterAccumulator.m */ = {isa = PBXFileReference; fileEncoding = 4; lastKnownFileType = sourcecode.c.objc; path = SBJsonStreamWriterAccumulator.m; sourceTree = "<group>"; };
		2B4D8A2914E96BDE0059CD3B /* SBJsonStreamWriterState.h */ = {isa = PBXFileReference; fileEncoding = 4; lastKnownFileType = sourcecode.c.h; path = SBJsonStreamWriterState.h; sourceTree = "<group>"; };
		2B4D8A2A14E96BDE0059CD3B /* SBJsonStreamWriterState.m */ = {isa = PBXFileReference; fileEncoding = 4; lastKnownFileType = sourcecode.c.objc; path = SBJsonStreamWriterState.m; sourceTree = "<group>"; };
		2B4D8A2B14E96BDE0059CD3B /* SBJsonTokeniser.h */ = {isa = PBXFileReference; fileEncoding = 4; lastKnownFileType = sourcecode.c.h; path = SBJsonTokeniser.h; sourceTree = "<group>"; };
		2B4D8A2C14E96BDE0059CD3B /* SBJsonTokeniser.m */ = {isa = PBXFileReference; fileEncoding = 4; lastKnownFileType = sourcecode.c.objc; path = SBJsonTokeniser.m; sourceTree = "<group>"; };
		2B4D8A2D14E96BDE0059CD3B /* SBJsonUTF8Stream.h */ = {isa = PBXFileReference; fileEncoding = 4; lastKnownFileType = sourcecode.c.h; path = SBJsonUTF8Stream.h; sourceTree = "<group>"; };
		2B4D8A2E14E96BDE0059CD3B /* SBJsonUTF8Stream.m */ = {isa = PBXFileReference; fileEncoding = 4; lastKnownFileType = sourcecode.c.objc; path = SBJsonUTF8Stream.m; sourceTree = "<group>"; };
		2B4D8A2F14E96BDE0059CD3B /* SBJsonWriter.h */ = {isa = PBXFileReference; fileEncoding = 4; lastKnownFileType = sourcecode.c.h; path = SBJsonWriter.h; sourceTree = "<group>"; };
		2B4D8A3014E96BDE0059CD3B /* SBJsonWriter.m */ = {isa = PBXFileReference; fileEncoding = 4; lastKnownFileType = sourcecode.c.objc; path = SBJsonWriter.m; sourceTree = "<group>"; };
		2B4D8A3C14E96BF70059CD3B /* NSObject+SBJson.h */ = {isa = PBXFileReference; fileEncoding = 4; lastKnownFileType = sourcecode.c.h; path = "NSObject+SBJson.h"; sourceTree = "<group>"; };
		2B4D8A3D14E96BF70059CD3B /* NSObject+SBJson.m */ = {isa = PBXFileReference; fileEncoding = 4; lastKnownFileType = sourcecode.c.objc; path = "NSObject+SBJson.m"; sourceTree = "<group>"; };
		2B4D8A3F14E96C3F0059CD3B /* PachubeAppCredentials.h */ = {isa = PBXFileReference; fileEncoding = 4; lastKnownFileType = sourcecode.c.h; path = PachubeAppCredentials.h; sourceTree = "<group>"; };
		2B4D8A4014E9724D0059CD3B /* CoreLocation.framework */ = {isa = PBXFileReference; lastKnownFileType = wrapper.framework; name = CoreLocation.framework; path = System/Library/Frameworks/CoreLocation.framework; sourceTree = SDKROOT; };
		2BE7190D14DC3F8B00B530FC /* IoT Sound Level.app */ = {isa = PBXFileReference; explicitFileType = wrapper.application; includeInIndex = 0; path = "IoT Sound Level.app"; sourceTree = BUILT_PRODUCTS_DIR; };
		2BE7191114DC3F8B00B530FC /* UIKit.framework */ = {isa = PBXFileReference; lastKnownFileType = wrapper.framework; name = UIKit.framework; path = System/Library/Frameworks/UIKit.framework; sourceTree = SDKROOT; };
		2BE7191314DC3F8B00B530FC /* Foundation.framework */ = {isa = PBXFileReference; lastKnownFileType = wrapper.framework; name = Foundation.framework; path = System/Library/Frameworks/Foundation.framework; sourceTree = SDKROOT; };
		2BE7191514DC3F8B00B530FC /* CoreGraphics.framework */ = {isa = PBXFileReference; lastKnownFileType = wrapper.framework; name = CoreGraphics.framework; path = System/Library/Frameworks/CoreGraphics.framework; sourceTree = SDKROOT; };
		2BE7191914DC3F8B00B530FC /* IoT Sound Level-Info.plist */ = {isa = PBXFileReference; lastKnownFileType = text.plist.xml; path = "IoT Sound Level-Info.plist"; sourceTree = "<group>"; };
		2BE7191B14DC3F8B00B530FC /* en */ = {isa = PBXFileReference; lastKnownFileType = text.plist.strings; name = en; path = en.lproj/InfoPlist.strings; sourceTree = "<group>"; };
		2BE7191D14DC3F8B00B530FC /* main.m */ = {isa = PBXFileReference; lastKnownFileType = sourcecode.c.objc; path = main.m; sourceTree = "<group>"; };
		2BE7191F14DC3F8B00B530FC /* IoT Sound Level-Prefix.pch */ = {isa = PBXFileReference; lastKnownFileType = sourcecode.c.h; path = "IoT Sound Level-Prefix.pch"; sourceTree = "<group>"; };
		2BE7192014DC3F8B00B530FC /* AppDelegate.h */ = {isa = PBXFileReference; lastKnownFileType = sourcecode.c.h; path = AppDelegate.h; sourceTree = "<group>"; };
		2BE7192114DC3F8B00B530FC /* AppDelegate.m */ = {isa = PBXFileReference; lastKnownFileType = sourcecode.c.objc; path = AppDelegate.m; sourceTree = "<group>"; };
		2BE7192314DC3F8B00B530FC /* SoundLevelViewController.h */ = {isa = PBXFileReference; lastKnownFileType = sourcecode.c.h; path = SoundLevelViewController.h; sourceTree = "<group>"; };
		2BE7192414DC3F8B00B530FC /* SoundLevelViewController.m */ = {isa = PBXFileReference; lastKnownFileType = sourcecode.c.objc; path = SoundLevelViewController.m; sourceTree = "<group>"; };
		2BE7193214DC3F8B00B530FC /* en */ = {isa = PBXFileReference; lastKnownFileType = file.xib; name = en; path = en.lproj/SoundLevelViewController.xib; sourceTree = "<group>"; };
		2BE7193C14DC404900B530FC /* SettingsViewController.h */ = {isa = PBXFileReference; fileEncoding = 4; lastKnownFileType = sourcecode.c.h; path = SettingsViewController.h; sourceTree = "<group>"; };
		2BE7193D14DC404900B530FC /* SettingsViewController.m */ = {isa = PBXFileReference; fileEncoding = 4; lastKnownFileType = sourcecode.c.objc; path = SettingsViewController.m; sourceTree = "<group>"; };
		2BE7193F14DC406D00B530FC /* SettingsViewController.xib */ = {isa = PBXFileReference; fileEncoding = 4; lastKnownFileType = file.xib; path = SettingsViewController.xib; sourceTree = "<group>"; };
		2BE7194114DC41AB00B530FC /* 157-wrench.png */ = {isa = PBXFileReference; lastKnownFileType = image.png; path = "157-wrench.png"; sourceTree = "<group>"; };
		2BE7194214DC41AB00B530FC /* 157-wrench@2x.png */ = {isa = PBXFileReference; lastKnownFileType = image.png; path = "157-wrench@2x.png"; sourceTree = "<group>"; };
		2BE7194514DC426900B530FC /* 160-voicemail-2.png */ = {isa = PBXFileReference; lastKnownFileType = image.png; path = "160-voicemail-2.png"; sourceTree = "<group>"; };
		2BE7194614DC426900B530FC /* 160-voicemail-2@2x.png */ = {isa = PBXFileReference; lastKnownFileType = image.png; path = "160-voicemail-2@2x.png"; sourceTree = "<group>"; };
		2BE7194914DC42FB00B530FC /* 66-microphone.png */ = {isa = PBXFileReference; lastKnownFileType = image.png; path = "66-microphone.png"; sourceTree = "<group>"; };
		2BE7194A14DC42FB00B530FC /* 66-microphone@2x.png */ = {isa = PBXFileReference; lastKnownFileType = image.png; path = "66-microphone@2x.png"; sourceTree = "<group>"; };
		2BE7194D14DC43A200B530FC /* AVFoundation.framework */ = {isa = PBXFileReference; lastKnownFileType = wrapper.framework; name = AVFoundation.framework; path = System/Library/Frameworks/AVFoundation.framework; sourceTree = SDKROOT; };
/* End PBXFileReference section */

/* Begin PBXFrameworksBuildPhase section */
		2BE7190A14DC3F8B00B530FC /* Frameworks */ = {
			isa = PBXFrameworksBuildPhase;
			buildActionMask = 2147483647;
			files = (
				2BE7194F14DC43AB00B530FC /* AVFoundation.framework in Frameworks */,
				2BE7191214DC3F8B00B530FC /* UIKit.framework in Frameworks */,
				2BE7191414DC3F8B00B530FC /* Foundation.framework in Frameworks */,
				2BE7191614DC3F8B00B530FC /* CoreGraphics.framework in Frameworks */,
			);
			runOnlyForDeploymentPostprocessing = 0;
		};
/* End PBXFrameworksBuildPhase section */

/* Begin PBXGroup section */
		2B4D8A0B14E969480059CD3B /* Classes */ = {
			isa = PBXGroup;
			children = (
				2B4D8A1314E969BB0059CD3B /* Controllers */,
				2B4D8A1214E9699C0059CD3B /* Views */,
				2B4D8A0D14E969550059CD3B /* Models */,
			);
			name = Classes;
			sourceTree = "<group>";
		};
		2B4D8A0D14E969550059CD3B /* Models */ = {
			isa = PBXGroup;
			children = (
				2B4D8A0E14E969900059CD3B /* Feed.h */,
				2B4D8A0F14E969900059CD3B /* Feed.m */,
				2B4D8A1014E969900059CD3B /* FeedDelegate.h */,
			);
			name = Models;
			sourceTree = "<group>";
		};
		2B4D8A1214E9699C0059CD3B /* Views */ = {
			isa = PBXGroup;
			children = (
				2BE7193114DC3F8B00B530FC /* SoundLevelViewController.xib */,
				2BE7193F14DC406D00B530FC /* SettingsViewController.xib */,
				2B4D8A1614E96B930059CD3B /* OAuthRequestController.xib */,
			);
			name = Views;
			sourceTree = "<group>";
		};
		2B4D8A1314E969BB0059CD3B /* Controllers */ = {
			isa = PBXGroup;
			children = (
				2BE7192314DC3F8B00B530FC /* SoundLevelViewController.h */,
				2BE7192414DC3F8B00B530FC /* SoundLevelViewController.m */,
				2BE7193C14DC404900B530FC /* SettingsViewController.h */,
				2BE7193D14DC404900B530FC /* SettingsViewController.m */,
				2B4D8A1414E96B930059CD3B /* OAuthRequestController.h */,
				2B4D8A1514E96B930059CD3B /* OAuthRequestController.m */,
			);
			name = Controllers;
			sourceTree = "<group>";
		};
		2B4D8A1914E96BD20059CD3B /* SBJson */ = {
			isa = PBXGroup;
			children = (
				2B4D8A3C14E96BF70059CD3B /* NSObject+SBJson.h */,
				2B4D8A3D14E96BF70059CD3B /* NSObject+SBJson.m */,
				2B4D8A1A14E96BDE0059CD3B /* SBJson.h */,
				2B4D8A1B14E96BDE0059CD3B /* SBJsonParser.h */,
				2B4D8A1C14E96BDE0059CD3B /* SBJsonParser.m */,
				2B4D8A1D14E96BDE0059CD3B /* SBJsonStreamParser.h */,
				2B4D8A1E14E96BDE0059CD3B /* SBJsonStreamParser.m */,
				2B4D8A1F14E96BDE0059CD3B /* SBJsonStreamParserAccumulator.h */,
				2B4D8A2014E96BDE0059CD3B /* SBJsonStreamParserAccumulator.m */,
				2B4D8A2114E96BDE0059CD3B /* SBJsonStreamParserAdapter.h */,
				2B4D8A2214E96BDE0059CD3B /* SBJsonStreamParserAdapter.m */,
				2B4D8A2314E96BDE0059CD3B /* SBJsonStreamParserState.h */,
				2B4D8A2414E96BDE0059CD3B /* SBJsonStreamParserState.m */,
				2B4D8A2514E96BDE0059CD3B /* SBJsonStreamWriter.h */,
				2B4D8A2614E96BDE0059CD3B /* SBJsonStreamWriter.m */,
				2B4D8A2714E96BDE0059CD3B /* SBJsonStreamWriterAccumulator.h */,
				2B4D8A2814E96BDE0059CD3B /* SBJsonStreamWriterAccumulator.m */,
				2B4D8A2914E96BDE0059CD3B /* SBJsonStreamWriterState.h */,
				2B4D8A2A14E96BDE0059CD3B /* SBJsonStreamWriterState.m */,
				2B4D8A2B14E96BDE0059CD3B /* SBJsonTokeniser.h */,
				2B4D8A2C14E96BDE0059CD3B /* SBJsonTokeniser.m */,
				2B4D8A2D14E96BDE0059CD3B /* SBJsonUTF8Stream.h */,
				2B4D8A2E14E96BDE0059CD3B /* SBJsonUTF8Stream.m */,
				2B4D8A2F14E96BDE0059CD3B /* SBJsonWriter.h */,
				2B4D8A3014E96BDE0059CD3B /* SBJsonWriter.m */,
			);
			name = SBJson;
			sourceTree = "<group>";
		};
		2BE7190214DC3F8B00B530FC = {
			isa = PBXGroup;
			children = (
				2BE7191714DC3F8B00B530FC /* IoT Sound Level */,
				2BE7191014DC3F8B00B530FC /* Frameworks */,
				2BE7190E14DC3F8B00B530FC /* Products */,
			);
			sourceTree = "<group>";
		};
		2BE7190E14DC3F8B00B530FC /* Products */ = {
			isa = PBXGroup;
			children = (
				2BE7190D14DC3F8B00B530FC /* IoT Sound Level.app */,
			);
			name = Products;
			sourceTree = "<group>";
		};
		2BE7191014DC3F8B00B530FC /* Frameworks */ = {
			isa = PBXGroup;
			children = (
				2B4D8A4014E9724D0059CD3B /* CoreLocation.framework */,
				2BE7194D14DC43A200B530FC /* AVFoundation.framework */,
				2BE7191114DC3F8B00B530FC /* UIKit.framework */,
				2BE7191314DC3F8B00B530FC /* Foundation.framework */,
				2BE7191514DC3F8B00B530FC /* CoreGraphics.framework */,
			);
			name = Frameworks;
			sourceTree = "<group>";
		};
		2BE7191714DC3F8B00B530FC /* IoT Sound Level */ = {
			isa = PBXGroup;
			children = (
				2B4D8A1914E96BD20059CD3B /* SBJson */,
				2B4D8A0B14E969480059CD3B /* Classes */,
				2BE7194914DC42FB00B530FC /* 66-microphone.png */,
				2BE7194A14DC42FB00B530FC /* 66-microphone@2x.png */,
				2BE7194514DC426900B530FC /* 160-voicemail-2.png */,
				2BE7194614DC426900B530FC /* 160-voicemail-2@2x.png */,
				2BE7194114DC41AB00B530FC /* 157-wrench.png */,
				2BE7194214DC41AB00B530FC /* 157-wrench@2x.png */,
				2BE7192014DC3F8B00B530FC /* AppDelegate.h */,
				2BE7192114DC3F8B00B530FC /* AppDelegate.m */,
				2BE7191814DC3F8B00B530FC /* Supporting Files */,
			);
			path = "IoT Sound Level";
			sourceTree = "<group>";
		};
		2BE7191814DC3F8B00B530FC /* Supporting Files */ = {
			isa = PBXGroup;
			children = (
				2B4D8A3F14E96C3F0059CD3B /* PachubeAppCredentials.h */,
				2BE7191914DC3F8B00B530FC /* IoT Sound Level-Info.plist */,
				2BE7191A14DC3F8B00B530FC /* InfoPlist.strings */,
				2BE7191D14DC3F8B00B530FC /* main.m */,
				2BE7191F14DC3F8B00B530FC /* IoT Sound Level-Prefix.pch */,
			);
			name = "Supporting Files";
			sourceTree = "<group>";
		};
/* End PBXGroup section */

/* Begin PBXNativeTarget section */
		2BE7190C14DC3F8B00B530FC /* IoT Sound Level */ = {
			isa = PBXNativeTarget;
			buildConfigurationList = 2BE7193914DC3F8B00B530FC /* Build configuration list for PBXNativeTarget "IoT Sound Level" */;
			buildPhases = (
				2BE7190914DC3F8B00B530FC /* Sources */,
				2BE7190A14DC3F8B00B530FC /* Frameworks */,
				2BE7190B14DC3F8B00B530FC /* Resources */,
			);
			buildRules = (
			);
			dependencies = (
			);
			name = "IoT Sound Level";
			productName = "IoT Sound Level";
			productReference = 2BE7190D14DC3F8B00B530FC /* IoT Sound Level.app */;
			productType = "com.apple.product-type.application";
		};
/* End PBXNativeTarget section */

/* Begin PBXProject section */
		2BE7190414DC3F8B00B530FC /* Project object */ = {
			isa = PBXProject;
			attributes = {
				LastUpgradeCheck = 0420;
			};
			buildConfigurationList = 2BE7190714DC3F8B00B530FC /* Build configuration list for PBXProject "IoT Sound Level" */;
			compatibilityVersion = "Xcode 3.2";
			developmentRegion = English;
			hasScannedForEncodings = 0;
			knownRegions = (
				en,
			);
			mainGroup = 2BE7190214DC3F8B00B530FC;
			productRefGroup = 2BE7190E14DC3F8B00B530FC /* Products */;
			projectDirPath = "";
			projectRoot = "";
			targets = (
				2BE7190C14DC3F8B00B530FC /* IoT Sound Level */,
			);
		};
/* End PBXProject section */

/* Begin PBXResourcesBuildPhase section */
		2BE7190B14DC3F8B00B530FC /* Resources */ = {
			isa = PBXResourcesBuildPhase;
			buildActionMask = 2147483647;
			files = (
				2BE7191C14DC3F8B00B530FC /* InfoPlist.strings in Resources */,
				2BE7193314DC3F8B00B530FC /* SoundLevelViewController.xib in Resources */,
				2BE7194014DC406D00B530FC /* SettingsViewController.xib in Resources */,
				2BE7194314DC41AB00B530FC /* 157-wrench.png in Resources */,
				2BE7194414DC41AB00B530FC /* 157-wrench@2x.png in Resources */,
				2BE7194714DC426900B530FC /* 160-voicemail-2.png in Resources */,
				2BE7194814DC426900B530FC /* 160-voicemail-2@2x.png in Resources */,
				2BE7194B14DC42FB00B530FC /* 66-microphone.png in Resources */,
				2BE7194C14DC42FB00B530FC /* 66-microphone@2x.png in Resources */,
				2B4D8A1814E96B930059CD3B /* OAuthRequestController.xib in Resources */,
			);
			runOnlyForDeploymentPostprocessing = 0;
		};
/* End PBXResourcesBuildPhase section */

/* Begin PBXSourcesBuildPhase section */
		2BE7190914DC3F8B00B530FC /* Sources */ = {
			isa = PBXSourcesBuildPhase;
			buildActionMask = 2147483647;
			files = (
				2BE7191E14DC3F8B00B530FC /* main.m in Sources */,
				2BE7192214DC3F8B00B530FC /* AppDelegate.m in Sources */,
				2BE7192514DC3F8B00B530FC /* SoundLevelViewController.m in Sources */,
				2BE7193E14DC404900B530FC /* SettingsViewController.m in Sources */,
				2B4D8A1114E969900059CD3B /* Feed.m in Sources */,
				2B4D8A1714E96B930059CD3B /* OAuthRequestController.m in Sources */,
				2B4D8A3114E96BDE0059CD3B /* SBJsonParser.m in Sources */,
				2B4D8A3214E96BDE0059CD3B /* SBJsonStreamParser.m in Sources */,
				2B4D8A3314E96BDE0059CD3B /* SBJsonStreamParserAccumulator.m in Sources */,
				2B4D8A3414E96BDE0059CD3B /* SBJsonStreamParserAdapter.m in Sources */,
				2B4D8A3514E96BDE0059CD3B /* SBJsonStreamParserState.m in Sources */,
				2B4D8A3614E96BDE0059CD3B /* SBJsonStreamWriter.m in Sources */,
				2B4D8A3714E96BDE0059CD3B /* SBJsonStreamWriterAccumulator.m in Sources */,
				2B4D8A3814E96BDE0059CD3B /* SBJsonStreamWriterState.m in Sources */,
				2B4D8A3914E96BDE0059CD3B /* SBJsonTokeniser.m in Sources */,
				2B4D8A3A14E96BDE0059CD3B /* SBJsonUTF8Stream.m in Sources */,
				2B4D8A3B14E96BDE0059CD3B /* SBJsonWriter.m in Sources */,
				2B4D8A3E14E96BF70059CD3B /* NSObject+SBJson.m in Sources */,
			);
			runOnlyForDeploymentPostprocessing = 0;
		};
/* End PBXSourcesBuildPhase section */

/* Begin PBXVariantGroup section */
		2BE7191A14DC3F8B00B530FC /* InfoPlist.strings */ = {
			isa = PBXVariantGroup;
			children = (
				2BE7191B14DC3F8B00B530FC /* en */,
			);
			name = InfoPlist.strings;
			sourceTree = "<group>";
		};
		2BE7193114DC3F8B00B530FC /* SoundLevelViewController.xib */ = {
			isa = PBXVariantGroup;
			children = (
				2BE7193214DC3F8B00B530FC /* en */,
			);
			name = SoundLevelViewController.xib;
			sourceTree = "<group>";
		};
/* End PBXVariantGroup section */

/* Begin XCBuildConfiguration section */
		2BE7193714DC3F8B00B530FC /* Debug */ = {
			isa = XCBuildConfiguration;
			buildSettings = {
				ALWAYS_SEARCH_USER_PATHS = NO;
				ARCHS = "$(ARCHS_STANDARD_32_BIT)";
				CLANG_ENABLE_OBJC_ARC = YES;
				"CODE_SIGN_IDENTITY[sdk=iphoneos*]" = "iPhone Developer";
				COPY_PHASE_STRIP = NO;
				GCC_C_LANGUAGE_STANDARD = gnu99;
				GCC_DYNAMIC_NO_PIC = NO;
				GCC_OPTIMIZATION_LEVEL = 0;
				GCC_PREPROCESSOR_DEFINITIONS = (
					"DEBUG=1",
					"$(inherited)",
				);
				GCC_SYMBOLS_PRIVATE_EXTERN = NO;
				GCC_VERSION = com.apple.compilers.llvm.clang.1_0;
				GCC_WARN_ABOUT_MISSING_PROTOTYPES = YES;
				GCC_WARN_ABOUT_RETURN_TYPE = YES;
				GCC_WARN_UNUSED_VARIABLE = YES;
				IPHONEOS_DEPLOYMENT_TARGET = 5.0;
				SDKROOT = iphoneos;
			};
			name = Debug;
		};
		2BE7193814DC3F8B00B530FC /* Release */ = {
			isa = XCBuildConfiguration;
			buildSettings = {
				ALWAYS_SEARCH_USER_PATHS = NO;
				ARCHS = "$(ARCHS_STANDARD_32_BIT)";
				CLANG_ENABLE_OBJC_ARC = YES;
				"CODE_SIGN_IDENTITY[sdk=iphoneos*]" = "iPhone Developer";
				COPY_PHASE_STRIP = YES;
				GCC_C_LANGUAGE_STANDARD = gnu99;
				GCC_VERSION = com.apple.compilers.llvm.clang.1_0;
				GCC_WARN_ABOUT_MISSING_PROTOTYPES = YES;
				GCC_WARN_ABOUT_RETURN_TYPE = YES;
				GCC_WARN_UNUSED_VARIABLE = YES;
				IPHONEOS_DEPLOYMENT_TARGET = 5.0;
				OTHER_CFLAGS = "-DNS_BLOCK_ASSERTIONS=1";
				SDKROOT = iphoneos;
				VALIDATE_PRODUCT = YES;
			};
			name = Release;
		};
		2BE7193A14DC3F8B00B530FC /* Debug */ = {
			isa = XCBuildConfiguration;
			buildSettings = {
				GCC_PRECOMPILE_PREFIX_HEADER = YES;
				GCC_PREFIX_HEADER = "IoT Sound Level/IoT Sound Level-Prefix.pch";
				INFOPLIST_FILE = "IoT Sound Level/IoT Sound Level-Info.plist";
				PRODUCT_NAME = "$(TARGET_NAME)";
				WRAPPER_EXTENSION = app;
			};
			name = Debug;
		};
		2BE7193B14DC3F8B00B530FC /* Release */ = {
			isa = XCBuildConfiguration;
			buildSettings = {
				GCC_PRECOMPILE_PREFIX_HEADER = YES;
				GCC_PREFIX_HEADER = "IoT Sound Level/IoT Sound Level-Prefix.pch";
				INFOPLIST_FILE = "IoT Sound Level/IoT Sound Level-Info.plist";
				PRODUCT_NAME = "$(TARGET_NAME)";
				WRAPPER_EXTENSION = app;
			};
			name = Release;
		};
/* End XCBuildConfiguration section */

/* Begin XCConfigurationList section */
		2BE7190714DC3F8B00B530FC /* Build configuration list for PBXProject "IoT Sound Level" */ = {
			isa = XCConfigurationList;
			buildConfigurations = (
				2BE7193714DC3F8B00B530FC /* Debug */,
				2BE7193814DC3F8B00B530FC /* Release */,
			);
			defaultConfigurationIsVisible = 0;
			defaultConfigurationName = Release;
		};
		2BE7193914DC3F8B00B530FC /* Build configuration list for PBXNativeTarget "IoT Sound Level" */ = {
			isa = XCConfigurationList;
			buildConfigurations = (
				2BE7193A14DC3F8B00B530FC /* Debug */,
				2BE7193B14DC3F8B00B530FC /* Release */,
			);
			defaultConfigurationIsVisible = 0;
			defaultConfigurationName = Release;
		};
/* End XCConfigurationList section */
	};
	rootObject = 2BE7190414DC3F8B00B530FC /* Project object */;
}
